// !$*UTF8*$!
{
	archiveVersion = 1;
	classes = {
	};
	objectVersion = 56;
	objects = {

/* Begin PBXBuildFile section */
		AC21776528D81A2B00C23F6B /* photoApp.swift in Sources */ = {isa = PBXBuildFile; fileRef = AC21776428D81A2B00C23F6B /* photoApp.swift */; };
		AC21776728D81A2B00C23F6B /* ContentView.swift in Sources */ = {isa = PBXBuildFile; fileRef = AC21776628D81A2B00C23F6B /* ContentView.swift */; };
		AC21776928D81A2C00C23F6B /* Assets.xcassets in Resources */ = {isa = PBXBuildFile; fileRef = AC21776828D81A2C00C23F6B /* Assets.xcassets */; };
		AC21776D28D81A2C00C23F6B /* Preview Assets.xcassets in Resources */ = {isa = PBXBuildFile; fileRef = AC21776C28D81A2C00C23F6B /* Preview Assets.xcassets */; };
		AC21777728D81A2C00C23F6B /* photoTests.swift in Sources */ = {isa = PBXBuildFile; fileRef = AC21777628D81A2C00C23F6B /* photoTests.swift */; };
		AC21778128D81A2C00C23F6B /* photoUITests.swift in Sources */ = {isa = PBXBuildFile; fileRef = AC21778028D81A2C00C23F6B /* photoUITests.swift */; };
		AC21778328D81A2C00C23F6B /* photoUITestsLaunchTests.swift in Sources */ = {isa = PBXBuildFile; fileRef = AC21778228D81A2C00C23F6B /* photoUITestsLaunchTests.swift */; };
/* End PBXBuildFile section */

/* Begin PBXContainerItemProxy section */
		AC21777328D81A2C00C23F6B /* PBXContainerItemProxy */ = {
			isa = PBXContainerItemProxy;
			containerPortal = AC21775928D81A2B00C23F6B /* Project object */;
			proxyType = 1;
			remoteGlobalIDString = AC21776028D81A2B00C23F6B;
			remoteInfo = photo;
		};
		AC21777D28D81A2C00C23F6B /* PBXContainerItemProxy */ = {
			isa = PBXContainerItemProxy;
			containerPortal = AC21775928D81A2B00C23F6B /* Project object */;
			proxyType = 1;
			remoteGlobalIDString = AC21776028D81A2B00C23F6B;
			remoteInfo = photo;
		};
/* End PBXContainerItemProxy section */

/* Begin PBXFileReference section */
		AC21776128D81A2B00C23F6B /* photo.app */ = {isa = PBXFileReference; explicitFileType = wrapper.application; includeInIndex = 0; path = photo.app; sourceTree = BUILT_PRODUCTS_DIR; };
		AC21776428D81A2B00C23F6B /* photoApp.swift */ = {isa = PBXFileReference; lastKnownFileType = sourcecode.swift; path = photoApp.swift; sourceTree = "<group>"; };
		AC21776628D81A2B00C23F6B /* ContentView.swift */ = {isa = PBXFileReference; lastKnownFileType = sourcecode.swift; path = ContentView.swift; sourceTree = "<group>"; };
		AC21776828D81A2C00C23F6B /* Assets.xcassets */ = {isa = PBXFileReference; lastKnownFileType = folder.assetcatalog; path = Assets.xcassets; sourceTree = "<group>"; };
		AC21776A28D81A2C00C23F6B /* photo.entitlements */ = {isa = PBXFileReference; lastKnownFileType = text.plist.entitlements; path = photo.entitlements; sourceTree = "<group>"; };
		AC21776C28D81A2C00C23F6B /* Preview Assets.xcassets */ = {isa = PBXFileReference; lastKnownFileType = folder.assetcatalog; path = "Preview Assets.xcassets"; sourceTree = "<group>"; };
		AC21777228D81A2C00C23F6B /* photoTests.xctest */ = {isa = PBXFileReference; explicitFileType = wrapper.cfbundle; includeInIndex = 0; path = photoTests.xctest; sourceTree = BUILT_PRODUCTS_DIR; };
		AC21777628D81A2C00C23F6B /* photoTests.swift */ = {isa = PBXFileReference; lastKnownFileType = sourcecode.swift; path = photoTests.swift; sourceTree = "<group>"; };
		AC21777C28D81A2C00C23F6B /* photoUITests.xctest */ = {isa = PBXFileReference; explicitFileType = wrapper.cfbundle; includeInIndex = 0; path = photoUITests.xctest; sourceTree = BUILT_PRODUCTS_DIR; };
		AC21778028D81A2C00C23F6B /* photoUITests.swift */ = {isa = PBXFileReference; lastKnownFileType = sourcecode.swift; path = photoUITests.swift; sourceTree = "<group>"; };
		AC21778228D81A2C00C23F6B /* photoUITestsLaunchTests.swift */ = {isa = PBXFileReference; lastKnownFileType = sourcecode.swift; path = photoUITestsLaunchTests.swift; sourceTree = "<group>"; };
/* End PBXFileReference section */

/* Begin PBXFrameworksBuildPhase section */
		AC21775E28D81A2B00C23F6B /* Frameworks */ = {
			isa = PBXFrameworksBuildPhase;
			buildActionMask = 2147483647;
			files = (
			);
			runOnlyForDeploymentPostprocessing = 0;
		};
		AC21776F28D81A2C00C23F6B /* Frameworks */ = {
			isa = PBXFrameworksBuildPhase;
			buildActionMask = 2147483647;
			files = (
			);
			runOnlyForDeploymentPostprocessing = 0;
		};
		AC21777928D81A2C00C23F6B /* Frameworks */ = {
			isa = PBXFrameworksBuildPhase;
			buildActionMask = 2147483647;
			files = (
			);
			runOnlyForDeploymentPostprocessing = 0;
		};
/* End PBXFrameworksBuildPhase section */

/* Begin PBXGroup section */
		AC21775828D81A2B00C23F6B = {
			isa = PBXGroup;
			children = (
				AC21776328D81A2B00C23F6B /* photo */,
				AC21777528D81A2C00C23F6B /* photoTests */,
				AC21777F28D81A2C00C23F6B /* photoUITests */,
				AC21776228D81A2B00C23F6B /* Products */,
			);
			sourceTree = "<group>";
		};
		AC21776228D81A2B00C23F6B /* Products */ = {
			isa = PBXGroup;
			children = (
				AC21776128D81A2B00C23F6B /* photo.app */,
				AC21777228D81A2C00C23F6B /* photoTests.xctest */,
				AC21777C28D81A2C00C23F6B /* photoUITests.xctest */,
			);
			name = Products;
			sourceTree = "<group>";
		};
		AC21776328D81A2B00C23F6B /* photo */ = {
			isa = PBXGroup;
			children = (
				AC21776428D81A2B00C23F6B /* photoApp.swift */,
				AC21776628D81A2B00C23F6B /* ContentView.swift */,
				AC21776828D81A2C00C23F6B /* Assets.xcassets */,
				AC21776A28D81A2C00C23F6B /* photo.entitlements */,
				AC21776B28D81A2C00C23F6B /* Preview Content */,
			);
			path = photo;
			sourceTree = "<group>";
		};
		AC21776B28D81A2C00C23F6B /* Preview Content */ = {
			isa = PBXGroup;
			children = (
				AC21776C28D81A2C00C23F6B /* Preview Assets.xcassets */,
			);
			path = "Preview Content";
			sourceTree = "<group>";
		};
		AC21777528D81A2C00C23F6B /* photoTests */ = {
			isa = PBXGroup;
			children = (
				AC21777628D81A2C00C23F6B /* photoTests.swift */,
			);
			path = photoTests;
			sourceTree = "<group>";
		};
		AC21777F28D81A2C00C23F6B /* photoUITests */ = {
			isa = PBXGroup;
			children = (
				AC21778028D81A2C00C23F6B /* photoUITests.swift */,
				AC21778228D81A2C00C23F6B /* photoUITestsLaunchTests.swift */,
			);
			path = photoUITests;
			sourceTree = "<group>";
		};
/* End PBXGroup section */

/* Begin PBXNativeTarget section */
		AC21776028D81A2B00C23F6B /* photo */ = {
			isa = PBXNativeTarget;
			buildConfigurationList = AC21778628D81A2C00C23F6B /* Build configuration list for PBXNativeTarget "photo" */;
			buildPhases = (
				AC21775D28D81A2B00C23F6B /* Sources */,
				AC21775E28D81A2B00C23F6B /* Frameworks */,
				AC21775F28D81A2B00C23F6B /* Resources */,
			);
			buildRules = (
			);
			dependencies = (
			);
			name = photo;
			productName = photo;
			productReference = AC21776128D81A2B00C23F6B /* photo.app */;
			productType = "com.apple.product-type.application";
		};
		AC21777128D81A2C00C23F6B /* photoTests */ = {
			isa = PBXNativeTarget;
			buildConfigurationList = AC21778928D81A2C00C23F6B /* Build configuration list for PBXNativeTarget "photoTests" */;
			buildPhases = (
				AC21776E28D81A2C00C23F6B /* Sources */,
				AC21776F28D81A2C00C23F6B /* Frameworks */,
				AC21777028D81A2C00C23F6B /* Resources */,
			);
			buildRules = (
			);
			dependencies = (
				AC21777428D81A2C00C23F6B /* PBXTargetDependency */,
			);
			name = photoTests;
			productName = photoTests;
			productReference = AC21777228D81A2C00C23F6B /* photoTests.xctest */;
			productType = "com.apple.product-type.bundle.unit-test";
		};
		AC21777B28D81A2C00C23F6B /* photoUITests */ = {
			isa = PBXNativeTarget;
			buildConfigurationList = AC21778C28D81A2C00C23F6B /* Build configuration list for PBXNativeTarget "photoUITests" */;
			buildPhases = (
				AC21777828D81A2C00C23F6B /* Sources */,
				AC21777928D81A2C00C23F6B /* Frameworks */,
				AC21777A28D81A2C00C23F6B /* Resources */,
			);
			buildRules = (
			);
			dependencies = (
				AC21777E28D81A2C00C23F6B /* PBXTargetDependency */,
			);
			name = photoUITests;
			productName = photoUITests;
			productReference = AC21777C28D81A2C00C23F6B /* photoUITests.xctest */;
			productType = "com.apple.product-type.bundle.ui-testing";
		};
/* End PBXNativeTarget section */

/* Begin PBXProject section */
		AC21775928D81A2B00C23F6B /* Project object */ = {
			isa = PBXProject;
			attributes = {
				BuildIndependentTargetsInParallel = 1;
				LastSwiftUpdateCheck = 1400;
				LastUpgradeCheck = 1400;
				TargetAttributes = {
					AC21776028D81A2B00C23F6B = {
						CreatedOnToolsVersion = 14.0;
					};
					AC21777128D81A2C00C23F6B = {
						CreatedOnToolsVersion = 14.0;
						TestTargetID = AC21776028D81A2B00C23F6B;
					};
					AC21777B28D81A2C00C23F6B = {
						CreatedOnToolsVersion = 14.0;
						TestTargetID = AC21776028D81A2B00C23F6B;
					};
				};
			};
			buildConfigurationList = AC21775C28D81A2B00C23F6B /* Build configuration list for PBXProject "photo" */;
			compatibilityVersion = "Xcode 14.0";
			developmentRegion = en;
			hasScannedForEncodings = 0;
			knownRegions = (
				en,
				Base,
			);
			mainGroup = AC21775828D81A2B00C23F6B;
			productRefGroup = AC21776228D81A2B00C23F6B /* Products */;
			projectDirPath = "";
			projectRoot = "";
			targets = (
				AC21776028D81A2B00C23F6B /* photo */,
				AC21777128D81A2C00C23F6B /* photoTests */,
				AC21777B28D81A2C00C23F6B /* photoUITests */,
			);
		};
/* End PBXProject section */

/* Begin PBXResourcesBuildPhase section */
		AC21775F28D81A2B00C23F6B /* Resources */ = {
			isa = PBXResourcesBuildPhase;
			buildActionMask = 2147483647;
			files = (
				AC21776D28D81A2C00C23F6B /* Preview Assets.xcassets in Resources */,
				AC21776928D81A2C00C23F6B /* Assets.xcassets in Resources */,
			);
			runOnlyForDeploymentPostprocessing = 0;
		};
		AC21777028D81A2C00C23F6B /* Resources */ = {
			isa = PBXResourcesBuildPhase;
			buildActionMask = 2147483647;
			files = (
			);
			runOnlyForDeploymentPostprocessing = 0;
		};
		AC21777A28D81A2C00C23F6B /* Resources */ = {
			isa = PBXResourcesBuildPhase;
			buildActionMask = 2147483647;
			files = (
			);
			runOnlyForDeploymentPostprocessing = 0;
		};
/* End PBXResourcesBuildPhase section */

/* Begin PBXSourcesBuildPhase section */
		AC21775D28D81A2B00C23F6B /* Sources */ = {
			isa = PBXSourcesBuildPhase;
			buildActionMask = 2147483647;
			files = (
				AC21776728D81A2B00C23F6B /* ContentView.swift in Sources */,
				AC21776528D81A2B00C23F6B /* photoApp.swift in Sources */,
			);
			runOnlyForDeploymentPostprocessing = 0;
		};
		AC21776E28D81A2C00C23F6B /* Sources */ = {
			isa = PBXSourcesBuildPhase;
			buildActionMask = 2147483647;
			files = (
				AC21777728D81A2C00C23F6B /* photoTests.swift in Sources */,
			);
			runOnlyForDeploymentPostprocessing = 0;
		};
		AC21777828D81A2C00C23F6B /* Sources */ = {
			isa = PBXSourcesBuildPhase;
			buildActionMask = 2147483647;
			files = (
				AC21778128D81A2C00C23F6B /* photoUITests.swift in Sources */,
				AC21778328D81A2C00C23F6B /* photoUITestsLaunchTests.swift in Sources */,
			);
			runOnlyForDeploymentPostprocessing = 0;
		};
/* End PBXSourcesBuildPhase section */

/* Begin PBXTargetDependency section */
		AC21777428D81A2C00C23F6B /* PBXTargetDependency */ = {
			isa = PBXTargetDependency;
			target = AC21776028D81A2B00C23F6B /* photo */;
			targetProxy = AC21777328D81A2C00C23F6B /* PBXContainerItemProxy */;
		};
		AC21777E28D81A2C00C23F6B /* PBXTargetDependency */ = {
			isa = PBXTargetDependency;
			target = AC21776028D81A2B00C23F6B /* photo */;
			targetProxy = AC21777D28D81A2C00C23F6B /* PBXContainerItemProxy */;
		};
/* End PBXTargetDependency section */

/* Begin XCBuildConfiguration section */
		AC21778428D81A2C00C23F6B /* Debug */ = {
			isa = XCBuildConfiguration;
			buildSettings = {
				ALWAYS_SEARCH_USER_PATHS = NO;
				CLANG_ANALYZER_NONNULL = YES;
				CLANG_ANALYZER_NUMBER_OBJECT_CONVERSION = YES_AGGRESSIVE;
				CLANG_CXX_LANGUAGE_STANDARD = "gnu++20";
				CLANG_ENABLE_MODULES = YES;
				CLANG_ENABLE_OBJC_ARC = YES;
				CLANG_ENABLE_OBJC_WEAK = YES;
				CLANG_WARN_BLOCK_CAPTURE_AUTORELEASING = YES;
				CLANG_WARN_BOOL_CONVERSION = YES;
				CLANG_WARN_COMMA = YES;
				CLANG_WARN_CONSTANT_CONVERSION = YES;
				CLANG_WARN_DEPRECATED_OBJC_IMPLEMENTATIONS = YES;
				CLANG_WARN_DIRECT_OBJC_ISA_USAGE = YES_ERROR;
				CLANG_WARN_DOCUMENTATION_COMMENTS = YES;
				CLANG_WARN_EMPTY_BODY = YES;
				CLANG_WARN_ENUM_CONVERSION = YES;
				CLANG_WARN_INFINITE_RECURSION = YES;
				CLANG_WARN_INT_CONVERSION = YES;
				CLANG_WARN_NON_LITERAL_NULL_CONVERSION = YES;
				CLANG_WARN_OBJC_IMPLICIT_RETAIN_SELF = YES;
				CLANG_WARN_OBJC_LITERAL_CONVERSION = YES;
				CLANG_WARN_OBJC_ROOT_CLASS = YES_ERROR;
				CLANG_WARN_QUOTED_INCLUDE_IN_FRAMEWORK_HEADER = YES;
				CLANG_WARN_RANGE_LOOP_ANALYSIS = YES;
				CLANG_WARN_STRICT_PROTOTYPES = YES;
				CLANG_WARN_SUSPICIOUS_MOVE = YES;
				CLANG_WARN_UNGUARDED_AVAILABILITY = YES_AGGRESSIVE;
				CLANG_WARN_UNREACHABLE_CODE = YES;
				CLANG_WARN__DUPLICATE_METHOD_MATCH = YES;
				COPY_PHASE_STRIP = NO;
				DEBUG_INFORMATION_FORMAT = dwarf;
				ENABLE_STRICT_OBJC_MSGSEND = YES;
				ENABLE_TESTABILITY = YES;
				GCC_C_LANGUAGE_STANDARD = gnu11;
				GCC_DYNAMIC_NO_PIC = NO;
				GCC_NO_COMMON_BLOCKS = YES;
				GCC_OPTIMIZATION_LEVEL = 0;
				GCC_PREPROCESSOR_DEFINITIONS = (
					"DEBUG=1",
					"$(inherited)",
				);
				GCC_WARN_64_TO_32_BIT_CONVERSION = YES;
				GCC_WARN_ABOUT_RETURN_TYPE = YES_ERROR;
				GCC_WARN_UNDECLARED_SELECTOR = YES;
				GCC_WARN_UNINITIALIZED_AUTOS = YES_AGGRESSIVE;
				GCC_WARN_UNUSED_FUNCTION = YES;
				GCC_WARN_UNUSED_VARIABLE = YES;
				MTL_ENABLE_DEBUG_INFO = INCLUDE_SOURCE;
				MTL_FAST_MATH = YES;
				ONLY_ACTIVE_ARCH = YES;
				SWIFT_ACTIVE_COMPILATION_CONDITIONS = DEBUG;
				SWIFT_OPTIMIZATION_LEVEL = "-Onone";
			};
			name = Debug;
		};
		AC21778528D81A2C00C23F6B /* Release */ = {
			isa = XCBuildConfiguration;
			buildSettings = {
				ALWAYS_SEARCH_USER_PATHS = NO;
				CLANG_ANALYZER_NONNULL = YES;
				CLANG_ANALYZER_NUMBER_OBJECT_CONVERSION = YES_AGGRESSIVE;
				CLANG_CXX_LANGUAGE_STANDARD = "gnu++20";
				CLANG_ENABLE_MODULES = YES;
				CLANG_ENABLE_OBJC_ARC = YES;
				CLANG_ENABLE_OBJC_WEAK = YES;
				CLANG_WARN_BLOCK_CAPTURE_AUTORELEASING = YES;
				CLANG_WARN_BOOL_CONVERSION = YES;
				CLANG_WARN_COMMA = YES;
				CLANG_WARN_CONSTANT_CONVERSION = YES;
				CLANG_WARN_DEPRECATED_OBJC_IMPLEMENTATIONS = YES;
				CLANG_WARN_DIRECT_OBJC_ISA_USAGE = YES_ERROR;
				CLANG_WARN_DOCUMENTATION_COMMENTS = YES;
				CLANG_WARN_EMPTY_BODY = YES;
				CLANG_WARN_ENUM_CONVERSION = YES;
				CLANG_WARN_INFINITE_RECURSION = YES;
				CLANG_WARN_INT_CONVERSION = YES;
				CLANG_WARN_NON_LITERAL_NULL_CONVERSION = YES;
				CLANG_WARN_OBJC_IMPLICIT_RETAIN_SELF = YES;
				CLANG_WARN_OBJC_LITERAL_CONVERSION = YES;
				CLANG_WARN_OBJC_ROOT_CLASS = YES_ERROR;
				CLANG_WARN_QUOTED_INCLUDE_IN_FRAMEWORK_HEADER = YES;
				CLANG_WARN_RANGE_LOOP_ANALYSIS = YES;
				CLANG_WARN_STRICT_PROTOTYPES = YES;
				CLANG_WARN_SUSPICIOUS_MOVE = YES;
				CLANG_WARN_UNGUARDED_AVAILABILITY = YES_AGGRESSIVE;
				CLANG_WARN_UNREACHABLE_CODE = YES;
				CLANG_WARN__DUPLICATE_METHOD_MATCH = YES;
				COPY_PHASE_STRIP = NO;
				DEBUG_INFORMATION_FORMAT = "dwarf-with-dsym";
				ENABLE_NS_ASSERTIONS = NO;
				ENABLE_STRICT_OBJC_MSGSEND = YES;
				GCC_C_LANGUAGE_STANDARD = gnu11;
				GCC_NO_COMMON_BLOCKS = YES;
				GCC_WARN_64_TO_32_BIT_CONVERSION = YES;
				GCC_WARN_ABOUT_RETURN_TYPE = YES_ERROR;
				GCC_WARN_UNDECLARED_SELECTOR = YES;
				GCC_WARN_UNINITIALIZED_AUTOS = YES_AGGRESSIVE;
				GCC_WARN_UNUSED_FUNCTION = YES;
				GCC_WARN_UNUSED_VARIABLE = YES;
				MTL_ENABLE_DEBUG_INFO = NO;
				MTL_FAST_MATH = YES;
				SWIFT_COMPILATION_MODE = wholemodule;
				SWIFT_OPTIMIZATION_LEVEL = "-O";
			};
			name = Release;
		};
		AC21778728D81A2C00C23F6B /* Debug */ = {
			isa = XCBuildConfiguration;
			buildSettings = {
				ASSETCATALOG_COMPILER_APPICON_NAME = AppIcon;
				ASSETCATALOG_COMPILER_GLOBAL_ACCENT_COLOR_NAME = AccentColor;
				CODE_SIGN_ENTITLEMENTS = photo/photo.entitlements;
				CODE_SIGN_STYLE = Automatic;
				CURRENT_PROJECT_VERSION = 1;
				DEVELOPMENT_ASSET_PATHS = "\"photo/Preview Content\"";
				ENABLE_PREVIEWS = YES;
				GENERATE_INFOPLIST_FILE = YES;
				"INFOPLIST_KEY_UIApplicationSceneManifest_Generation[sdk=iphoneos*]" = YES;
				"INFOPLIST_KEY_UIApplicationSceneManifest_Generation[sdk=iphonesimulator*]" = YES;
				"INFOPLIST_KEY_UIApplicationSupportsIndirectInputEvents[sdk=iphoneos*]" = YES;
				"INFOPLIST_KEY_UIApplicationSupportsIndirectInputEvents[sdk=iphonesimulator*]" = YES;
				"INFOPLIST_KEY_UILaunchScreen_Generation[sdk=iphoneos*]" = YES;
				"INFOPLIST_KEY_UILaunchScreen_Generation[sdk=iphonesimulator*]" = YES;
				"INFOPLIST_KEY_UIStatusBarStyle[sdk=iphoneos*]" = UIStatusBarStyleDefault;
				"INFOPLIST_KEY_UIStatusBarStyle[sdk=iphonesimulator*]" = UIStatusBarStyleDefault;
				INFOPLIST_KEY_UISupportedInterfaceOrientations_iPad = "UIInterfaceOrientationPortrait UIInterfaceOrientationPortraitUpsideDown UIInterfaceOrientationLandscapeLeft UIInterfaceOrientationLandscapeRight";
				INFOPLIST_KEY_UISupportedInterfaceOrientations_iPhone = "UIInterfaceOrientationPortrait UIInterfaceOrientationLandscapeLeft UIInterfaceOrientationLandscapeRight";
				IPHONEOS_DEPLOYMENT_TARGET = 16.0;
				LD_RUNPATH_SEARCH_PATHS = "@executable_path/Frameworks";
				"LD_RUNPATH_SEARCH_PATHS[sdk=macosx*]" = "@executable_path/../Frameworks";
				MACOSX_DEPLOYMENT_TARGET = 12.3;
				MARKETING_VERSION = 1.0;
				PRODUCT_BUNDLE_IDENTIFIER = com.lukealbrecht.photo;
				PRODUCT_NAME = "$(TARGET_NAME)";
				SDKROOT = auto;
				SUPPORTED_PLATFORMS = "iphoneos iphonesimulator macosx";
				SWIFT_EMIT_LOC_STRINGS = YES;
				SWIFT_VERSION = 5.0;
				TARGETED_DEVICE_FAMILY = "1,2";
			};
			name = Debug;
		};
		AC21778828D81A2C00C23F6B /* Release */ = {
			isa = XCBuildConfiguration;
			buildSettings = {
				ASSETCATALOG_COMPILER_APPICON_NAME = AppIcon;
				ASSETCATALOG_COMPILER_GLOBAL_ACCENT_COLOR_NAME = AccentColor;
				CODE_SIGN_ENTITLEMENTS = photo/photo.entitlements;
				CODE_SIGN_STYLE = Automatic;
				CURRENT_PROJECT_VERSION = 1;
				DEVELOPMENT_ASSET_PATHS = "\"photo/Preview Content\"";
				ENABLE_PREVIEWS = YES;
				GENERATE_INFOPLIST_FILE = YES;
				"INFOPLIST_KEY_UIApplicationSceneManifest_Generation[sdk=iphoneos*]" = YES;
				"INFOPLIST_KEY_UIApplicationSceneManifest_Generation[sdk=iphonesimulator*]" = YES;
				"INFOPLIST_KEY_UIApplicationSupportsIndirectInputEvents[sdk=iphoneos*]" = YES;
				"INFOPLIST_KEY_UIApplicationSupportsIndirectInputEvents[sdk=iphonesimulator*]" = YES;
				"INFOPLIST_KEY_UILaunchScreen_Generation[sdk=iphoneos*]" = YES;
				"INFOPLIST_KEY_UILaunchScreen_Generation[sdk=iphonesimulator*]" = YES;
				"INFOPLIST_KEY_UIStatusBarStyle[sdk=iphoneos*]" = UIStatusBarStyleDefault;
				"INFOPLIST_KEY_UIStatusBarStyle[sdk=iphonesimulator*]" = UIStatusBarStyleDefault;
				INFOPLIST_KEY_UISupportedInterfaceOrientations_iPad = "UIInterfaceOrientationPortrait UIInterfaceOrientationPortraitUpsideDown UIInterfaceOrientationLandscapeLeft UIInterfaceOrientationLandscapeRight";
				INFOPLIST_KEY_UISupportedInterfaceOrientations_iPhone = "UIInterfaceOrientationPortrait UIInterfaceOrientationLandscapeLeft UIInterfaceOrientationLandscapeRight";
				IPHONEOS_DEPLOYMENT_TARGET = 16.0;
				LD_RUNPATH_SEARCH_PATHS = "@executable_path/Frameworks";
				"LD_RUNPATH_SEARCH_PATHS[sdk=macosx*]" = "@executable_path/../Frameworks";
				MACOSX_DEPLOYMENT_TARGET = 12.3;
				MARKETING_VERSION = 1.0;
				PRODUCT_BUNDLE_IDENTIFIER = com.lukealbrecht.photo;
				PRODUCT_NAME = "$(TARGET_NAME)";
				SDKROOT = auto;
				SUPPORTED_PLATFORMS = "iphoneos iphonesimulator macosx";
				SWIFT_EMIT_LOC_STRINGS = YES;
				SWIFT_VERSION = 5.0;
				TARGETED_DEVICE_FAMILY = "1,2";
			};
			name = Release;
		};
		AC21778A28D81A2C00C23F6B /* Debug */ = {
			isa = XCBuildConfiguration;
			buildSettings = {
				ALWAYS_EMBED_SWIFT_STANDARD_LIBRARIES = YES;
				BUNDLE_LOADER = "$(TEST_HOST)";
				CODE_SIGN_STYLE = Automatic;
				CURRENT_PROJECT_VERSION = 1;
				GENERATE_INFOPLIST_FILE = YES;
				IPHONEOS_DEPLOYMENT_TARGET = 16.0;
				MACOSX_DEPLOYMENT_TARGET = 12.3;
				MARKETING_VERSION = 1.0;
				PRODUCT_BUNDLE_IDENTIFIER = com.lukealbrecht.photoTests;
				PRODUCT_NAME = "$(TARGET_NAME)";
				SDKROOT = auto;
				SUPPORTED_PLATFORMS = "iphoneos iphonesimulator macosx";
				SWIFT_EMIT_LOC_STRINGS = NO;
				SWIFT_VERSION = 5.0;
				TARGETED_DEVICE_FAMILY = "1,2";
				TEST_HOST = "$(BUILT_PRODUCTS_DIR)/photo.app/$(BUNDLE_EXECUTABLE_FOLDER_PATH)/photo";
			};
			name = Debug;
		};
		AC21778B28D81A2C00C23F6B /* Release */ = {
			isa = XCBuildConfiguration;
			buildSettings = {
				ALWAYS_EMBED_SWIFT_STANDARD_LIBRARIES = YES;
				BUNDLE_LOADER = "$(TEST_HOST)";
				CODE_SIGN_STYLE = Automatic;
				CURRENT_PROJECT_VERSION = 1;
				GENERATE_INFOPLIST_FILE = YES;
				IPHONEOS_DEPLOYMENT_TARGET = 16.0;
				MACOSX_DEPLOYMENT_TARGET = 12.3;
				MARKETING_VERSION = 1.0;
				PRODUCT_BUNDLE_IDENTIFIER = com.lukealbrecht.photoTests;
				PRODUCT_NAME = "$(TARGET_NAME)";
				SDKROOT = auto;
				SUPPORTED_PLATFORMS = "iphoneos iphonesimulator macosx";
				SWIFT_EMIT_LOC_STRINGS = NO;
				SWIFT_VERSION = 5.0;
				TARGETED_DEVICE_FAMILY = "1,2";
				TEST_HOST = "$(BUILT_PRODUCTS_DIR)/photo.app/$(BUNDLE_EXECUTABLE_FOLDER_PATH)/photo";
			};
			name = Release;
		};
		AC21778D28D81A2C00C23F6B /* Debug */ = {
			isa = XCBuildConfiguration;
			buildSettings = {
				ALWAYS_EMBED_SWIFT_STANDARD_LIBRARIES = YES;
				CODE_SIGN_STYLE = Automatic;
				CURRENT_PROJECT_VERSION = 1;
				GENERATE_INFOPLIST_FILE = YES;
				IPHONEOS_DEPLOYMENT_TARGET = 16.0;
				MACOSX_DEPLOYMENT_TARGET = 12.3;
				MARKETING_VERSION = 1.0;
				PRODUCT_BUNDLE_IDENTIFIER = com.lukealbrecht.photoUITests;
				PRODUCT_NAME = "$(TARGET_NAME)";
				SDKROOT = auto;
				SUPPORTED_PLATFORMS = "iphoneos iphonesimulator macosx";
				SWIFT_EMIT_LOC_STRINGS = NO;
				SWIFT_VERSION = 5.0;
				TARGETED_DEVICE_FAMILY = "1,2";
				TEST_TARGET_NAME = photo;
			};
			name = Debug;
		};
		AC21778E28D81A2C00C23F6B /* Release */ = {
			isa = XCBuildConfiguration;
			buildSettings = {
				ALWAYS_EMBED_SWIFT_STANDARD_LIBRARIES = YES;
				CODE_SIGN_STYLE = Automatic;
				CURRENT_PROJECT_VERSION = 1;
				GENERATE_INFOPLIST_FILE = YES;
				IPHONEOS_DEPLOYMENT_TARGET = 16.0;
				MACOSX_DEPLOYMENT_TARGET = 12.3;
				MARKETING_VERSION = 1.0;
				PRODUCT_BUNDLE_IDENTIFIER = com.lukealbrecht.photoUITests;
				PRODUCT_NAME = "$(TARGET_NAME)";
				SDKROOT = auto;
				SUPPORTED_PLATFORMS = "iphoneos iphonesimulator macosx";
				SWIFT_EMIT_LOC_STRINGS = NO;
				SWIFT_VERSION = 5.0;
				TARGETED_DEVICE_FAMILY = "1,2";
				TEST_TARGET_NAME = photo;
			};
			name = Release;
		};
/* End XCBuildConfiguration section */

/* Begin XCConfigurationList section */
		AC21775C28D81A2B00C23F6B /* Build configuration list for PBXProject "photo" */ = {
			isa = XCConfigurationList;
			buildConfigurations = (
				AC21778428D81A2C00C23F6B /* Debug */,
				AC21778528D81A2C00C23F6B /* Release */,
			);
			defaultConfigurationIsVisible = 0;
			defaultConfigurationName = Release;
		};
		AC21778628D81A2C00C23F6B /* Build configuration list for PBXNativeTarget "photo" */ = {
			isa = XCConfigurationList;
			buildConfigurations = (
				AC21778728D81A2C00C23F6B /* Debug */,
				AC21778828D81A2C00C23F6B /* Release */,
			);
			defaultConfigurationIsVisible = 0;
			defaultConfigurationName = Release;
		};
		AC21778928D81A2C00C23F6B /* Build configuration list for PBXNativeTarget "photoTests" */ = {
			isa = XCConfigurationList;
			buildConfigurations = (
				AC21778A28D81A2C00C23F6B /* Debug */,
				AC21778B28D81A2C00C23F6B /* Release */,
			);
			defaultConfigurationIsVisible = 0;
			defaultConfigurationName = Release;
		};
		AC21778C28D81A2C00C23F6B /* Build configuration list for PBXNativeTarget "photoUITests" */ = {
			isa = XCConfigurationList;
			buildConfigurations = (
				AC21778D28D81A2C00C23F6B /* Debug */,
				AC21778E28D81A2C00C23F6B /* Release */,
			);
			defaultConfigurationIsVisible = 0;
			defaultConfigurationName = Release;
		};
/* End XCConfigurationList section */
	};
	rootObject = AC21775928D81A2B00C23F6B /* Project object */;
}
